
Microsoft Visual Studio Solution File, Format Version 12.00
# Visual Studio 15
VisualStudioVersion = 15.0.27703.2000
MinimumVisualStudioVersion = 10.0.40219.1
Project("{8BC9CEB8-8B4A-11D0-8D11-00A0C91BC942}") = "ConsoleAp", "ConsoleAp\ConsoleAp.vcxproj", "{A22E2B2A-D8C7-435A-A637-C348C2E01A40}"
EndProject
Global
	GlobalSection(SolutionConfigurationPlatforms) = preSolution
		Debug|x64 = Debug|x64
		Debug|x86 = Debug|x86
		Release|x64 = Release|x64
		Release|x86 = Release|x86
	EndGlobalSection
	GlobalSection(ProjectConfigurationPlatforms) = postSolution
		{A22E2B2A-D8C7-435A-A637-C348C2E01A40}.Debug|x64.ActiveCfg = Debug|x64
		{A22E2B2A-D8C7-435A-A637-C348C2E01A40}.Debug|x64.Build.0 = Debug|x64
		{A22E2B2A-D8C7-435A-A637-C348C2E01A40}.Debug|x86.ActiveCfg = Debug|Win32
		{A22E2B2A-D8C7-435A-A637-C348C2E01A40}.Debug|x86.Build.0 = Debug|Win32
		{A22E2B2A-D8C7-435A-A637-C348C2E01A40}.Release|x64.ActiveCfg = Release|x64
		{A22E2B2A-D8C7-435A-A637-C348C2E01A40}.Release|x64.Build.0 = Release|x64
		{A22E2B2A-D8C7-435A-A637-C348C2E01A40}.Release|x86.ActiveCfg = Release|Win32
		{A22E2B2A-D8C7-435A-A637-C348C2E01A40}.Release|x86.Build.0 = Release|Win32
	EndGlobalSection
	GlobalSection(SolutionProperties) = preSolution
		HideSolutionNode = FALSE
	EndGlobalSection
	GlobalSection(ExtensibilityGlobals) = postSolution
		SolutionGuid = {91059A4A-B771-4D70-A865-FF3DD3F65A24}
	EndGlobalSection
EndGlobal
